// !$*UTF8*$!
{
	archiveVersion = 1;
	classes = {
	};
	objectVersion = 50;
	objects = {

/* Begin PBXBuildFile section */
		B300CAAE210A457F0049E723 /* WeatherCollectionViewCell.swift in Sources */ = {isa = PBXBuildFile; fileRef = B300CAAD210A457F0049E723 /* WeatherCollectionViewCell.swift */; };
		B3372A6B210777D70017701D /* JSONResponse.swift in Sources */ = {isa = PBXBuildFile; fileRef = B3372A6A210777D70017701D /* JSONResponse.swift */; };
		B38BA13321073BF90068FC78 /* CurrentWeather.swift in Sources */ = {isa = PBXBuildFile; fileRef = B38BA13221073BF90068FC78 /* CurrentWeather.swift */; };
		B38BA1352107530B0068FC78 /* APIService.swift in Sources */ = {isa = PBXBuildFile; fileRef = B38BA1342107530B0068FC78 /* APIService.swift */; };
		B3BC8AF92107BFDB003454C8 /* String + Int + Double.swift in Sources */ = {isa = PBXBuildFile; fileRef = B3BC8AF82107BFDB003454C8 /* String + Int + Double.swift */; };
		B3D826182107AFFF00693D17 /* Int + String.swift in Sources */ = {isa = PBXBuildFile; fileRef = B3D826172107AFFF00693D17 /* Int + String.swift */; };
		B3E29FE22105E47D00D7FAE1 /* AppDelegate.swift in Sources */ = {isa = PBXBuildFile; fileRef = B3E29FE12105E47D00D7FAE1 /* AppDelegate.swift */; };
		B3E29FE42105E47D00D7FAE1 /* ViewController.swift in Sources */ = {isa = PBXBuildFile; fileRef = B3E29FE32105E47D00D7FAE1 /* ViewController.swift */; };
		B3E29FE72105E47D00D7FAE1 /* Main.storyboard in Resources */ = {isa = PBXBuildFile; fileRef = B3E29FE52105E47D00D7FAE1 /* Main.storyboard */; };
		B3E29FE92105E47F00D7FAE1 /* Assets.xcassets in Resources */ = {isa = PBXBuildFile; fileRef = B3E29FE82105E47F00D7FAE1 /* Assets.xcassets */; };
		B3E29FEC2105E47F00D7FAE1 /* LaunchScreen.storyboard in Resources */ = {isa = PBXBuildFile; fileRef = B3E29FEA2105E47F00D7FAE1 /* LaunchScreen.storyboard */; };
		B3FD73CD21093B030033776A /* WeatherCell.swift in Sources */ = {isa = PBXBuildFile; fileRef = B3FD73CB21093B030033776A /* WeatherCell.swift */; };
		B3FD73CE21093B030033776A /* WeatherCell.xib in Resources */ = {isa = PBXBuildFile; fileRef = B3FD73CC21093B030033776A /* WeatherCell.xib */; };
		B3FD73D0210950950033776A /* DateUtil.swift in Sources */ = {isa = PBXBuildFile; fileRef = B3FD73CF210950950033776A /* DateUtil.swift */; };
		B3FD73D2210958FB0033776A /* DayWeek.swift in Sources */ = {isa = PBXBuildFile; fileRef = B3FD73D1210958FB0033776A /* DayWeek.swift */; };
		B3FD8CD22108D6D700B92257 /* Util.swift in Sources */ = {isa = PBXBuildFile; fileRef = B3FD8CD12108D6D700B92257 /* Util.swift */; };
		D27EB93B5E5A3D64B3D2AB61 /* Pods_iWeather.framework in Frameworks */ = {isa = PBXBuildFile; fileRef = 471FB579D2A11B2235ED7FF2 /* Pods_iWeather.framework */; };
/* End PBXBuildFile section */

/* Begin PBXFileReference section */
		26118584EEE2065B094104E0 /* Pods-iWeather.debug.xcconfig */ = {isa = PBXFileReference; includeInIndex = 1; lastKnownFileType = text.xcconfig; name = "Pods-iWeather.debug.xcconfig"; path = "Pods/Target Support Files/Pods-iWeather/Pods-iWeather.debug.xcconfig"; sourceTree = "<group>"; };
		471FB579D2A11B2235ED7FF2 /* Pods_iWeather.framework */ = {isa = PBXFileReference; explicitFileType = wrapper.framework; includeInIndex = 0; path = Pods_iWeather.framework; sourceTree = BUILT_PRODUCTS_DIR; };
		4AC3C069D03F169AA4B74949 /* Pods-iWeather.release.xcconfig */ = {isa = PBXFileReference; includeInIndex = 1; lastKnownFileType = text.xcconfig; name = "Pods-iWeather.release.xcconfig"; path = "Pods/Target Support Files/Pods-iWeather/Pods-iWeather.release.xcconfig"; sourceTree = "<group>"; };
		B300CAAD210A457F0049E723 /* WeatherCollectionViewCell.swift */ = {isa = PBXFileReference; lastKnownFileType = sourcecode.swift; path = WeatherCollectionViewCell.swift; sourceTree = "<group>"; };
		B3372A6A210777D70017701D /* JSONResponse.swift */ = {isa = PBXFileReference; lastKnownFileType = sourcecode.swift; path = JSONResponse.swift; sourceTree = "<group>"; };
		B38BA13221073BF90068FC78 /* CurrentWeather.swift */ = {isa = PBXFileReference; lastKnownFileType = sourcecode.swift; path = CurrentWeather.swift; sourceTree = "<group>"; };
		B38BA1342107530B0068FC78 /* APIService.swift */ = {isa = PBXFileReference; lastKnownFileType = sourcecode.swift; path = APIService.swift; sourceTree = "<group>"; };
		B3BC8AF82107BFDB003454C8 /* String + Int + Double.swift */ = {isa = PBXFileReference; lastKnownFileType = sourcecode.swift; path = "String + Int + Double.swift"; sourceTree = "<group>"; };
		B3D826172107AFFF00693D17 /* Int + String.swift */ = {isa = PBXFileReference; lastKnownFileType = sourcecode.swift; path = "Int + String.swift"; sourceTree = "<group>"; };
		B3E29FDE2105E47D00D7FAE1 /* iWeather.app */ = {isa = PBXFileReference; explicitFileType = wrapper.application; includeInIndex = 0; path = iWeather.app; sourceTree = BUILT_PRODUCTS_DIR; };
		B3E29FE12105E47D00D7FAE1 /* AppDelegate.swift */ = {isa = PBXFileReference; lastKnownFileType = sourcecode.swift; path = AppDelegate.swift; sourceTree = "<group>"; };
		B3E29FE32105E47D00D7FAE1 /* ViewController.swift */ = {isa = PBXFileReference; lastKnownFileType = sourcecode.swift; path = ViewController.swift; sourceTree = "<group>"; };
		B3E29FE62105E47D00D7FAE1 /* Base */ = {isa = PBXFileReference; lastKnownFileType = file.storyboard; name = Base; path = Base.lproj/Main.storyboard; sourceTree = "<group>"; };
		B3E29FE82105E47F00D7FAE1 /* Assets.xcassets */ = {isa = PBXFileReference; lastKnownFileType = folder.assetcatalog; path = Assets.xcassets; sourceTree = "<group>"; };
		B3E29FEB2105E47F00D7FAE1 /* Base */ = {isa = PBXFileReference; lastKnownFileType = file.storyboard; name = Base; path = Base.lproj/LaunchScreen.storyboard; sourceTree = "<group>"; };
		B3E29FED2105E47F00D7FAE1 /* Info.plist */ = {isa = PBXFileReference; lastKnownFileType = text.plist.xml; path = Info.plist; sourceTree = "<group>"; };
		B3FD73CB21093B030033776A /* WeatherCell.swift */ = {isa = PBXFileReference; lastKnownFileType = sourcecode.swift; path = WeatherCell.swift; sourceTree = "<group>"; };
		B3FD73CC21093B030033776A /* WeatherCell.xib */ = {isa = PBXFileReference; lastKnownFileType = file.xib; path = WeatherCell.xib; sourceTree = "<group>"; };
		B3FD73CF210950950033776A /* DateUtil.swift */ = {isa = PBXFileReference; lastKnownFileType = sourcecode.swift; path = DateUtil.swift; sourceTree = "<group>"; };
		B3FD73D1210958FB0033776A /* DayWeek.swift */ = {isa = PBXFileReference; lastKnownFileType = sourcecode.swift; path = DayWeek.swift; sourceTree = "<group>"; };
		B3FD8CD12108D6D700B92257 /* Util.swift */ = {isa = PBXFileReference; lastKnownFileType = sourcecode.swift; path = Util.swift; sourceTree = "<group>"; };
/* End PBXFileReference section */

/* Begin PBXFrameworksBuildPhase section */
		B3E29FDB2105E47D00D7FAE1 /* Frameworks */ = {
			isa = PBXFrameworksBuildPhase;
			buildActionMask = 2147483647;
			files = (
				D27EB93B5E5A3D64B3D2AB61 /* Pods_iWeather.framework in Frameworks */,
			);
			runOnlyForDeploymentPostprocessing = 0;
		};
/* End PBXFrameworksBuildPhase section */

/* Begin PBXGroup section */
		2CEFD7523903BF0E1B2B6B60 /* Frameworks */ = {
			isa = PBXGroup;
			children = (
				471FB579D2A11B2235ED7FF2 /* Pods_iWeather.framework */,
			);
			name = Frameworks;
			sourceTree = "<group>";
		};
		413016D2489EDA7488422924 /* Pods */ = {
			isa = PBXGroup;
			children = (
				26118584EEE2065B094104E0 /* Pods-iWeather.debug.xcconfig */,
				4AC3C069D03F169AA4B74949 /* Pods-iWeather.release.xcconfig */,
			);
			name = Pods;
			sourceTree = "<group>";
		};
		B3372A692107777F0017701D /* JSON Model */ = {
			isa = PBXGroup;
			children = (
				B3372A6A210777D70017701D /* JSONResponse.swift */,
			);
			path = "JSON Model";
			sourceTree = "<group>";
		};
		B3BC8AFB2107C146003454C8 /* API */ = {
			isa = PBXGroup;
			children = (
				B38BA1342107530B0068FC78 /* APIService.swift */,
			);
			path = API;
			sourceTree = "<group>";
		};
		B3E29FD52105E47D00D7FAE1 = {
			isa = PBXGroup;
			children = (
				B3E29FE02105E47D00D7FAE1 /* iWeather */,
				B3E29FDF2105E47D00D7FAE1 /* Products */,
				413016D2489EDA7488422924 /* Pods */,
				2CEFD7523903BF0E1B2B6B60 /* Frameworks */,
			);
			sourceTree = "<group>";
		};
		B3E29FDF2105E47D00D7FAE1 /* Products */ = {
			isa = PBXGroup;
			children = (
				B3E29FDE2105E47D00D7FAE1 /* iWeather.app */,
			);
			name = Products;
			sourceTree = "<group>";
		};
		B3E29FE02105E47D00D7FAE1 /* iWeather */ = {
			isa = PBXGroup;
			children = (
				B3FD8CD02108D6B700B92257 /* Util */,
				B3E29FE12105E47D00D7FAE1 /* AppDelegate.swift */,
				B3E29FF82105F70800D7FAE1 /* Extension */,
				B3372A692107777F0017701D /* JSON Model */,
				B3BC8AFB2107C146003454C8 /* API */,
				B3E29FF72105F6FB00D7FAE1 /* Model */,
				B3E29FF52105F67E00D7FAE1 /* Contoller */,
				B3E29FF62105F6E400D7FAE1 /* View */,
				B3E29FE52105E47D00D7FAE1 /* Main.storyboard */,
				B3E29FE82105E47F00D7FAE1 /* Assets.xcassets */,
				B3E29FEA2105E47F00D7FAE1 /* LaunchScreen.storyboard */,
				B3E29FED2105E47F00D7FAE1 /* Info.plist */,
			);
			path = iWeather;
			sourceTree = "<group>";
		};
		B3E29FF52105F67E00D7FAE1 /* Contoller */ = {
			isa = PBXGroup;
			children = (
				B3E29FE32105E47D00D7FAE1 /* ViewController.swift */,
			);
			path = Contoller;
			sourceTree = "<group>";
		};
		B3E29FF62105F6E400D7FAE1 /* View */ = {
			isa = PBXGroup;
			children = (
				B3FD73CB21093B030033776A /* WeatherCell.swift */,
				B300CAAD210A457F0049E723 /* WeatherCollectionViewCell.swift */,
				B3FD73CC21093B030033776A /* WeatherCell.xib */,
			);
			path = View;
			sourceTree = "<group>";
		};
		B3E29FF72105F6FB00D7FAE1 /* Model */ = {
			isa = PBXGroup;
			children = (
				B38BA13221073BF90068FC78 /* CurrentWeather.swift */,
			);
			path = Model;
			sourceTree = "<group>";
		};
		B3E29FF82105F70800D7FAE1 /* Extension */ = {
			isa = PBXGroup;
			children = (
				B3D826172107AFFF00693D17 /* Int + String.swift */,
				B3BC8AF82107BFDB003454C8 /* String + Int + Double.swift */,
				B3FD73D1210958FB0033776A /* DayWeek.swift */,
			);
			path = Extension;
			sourceTree = "<group>";
		};
		B3FD8CD02108D6B700B92257 /* Util */ = {
			isa = PBXGroup;
			children = (
				B3FD8CD12108D6D700B92257 /* Util.swift */,
				B3FD73CF210950950033776A /* DateUtil.swift */,
			);
			path = Util;
			sourceTree = "<group>";
		};
/* End PBXGroup section */

/* Begin PBXNativeTarget section */
		B3E29FDD2105E47D00D7FAE1 /* iWeather */ = {
			isa = PBXNativeTarget;
			buildConfigurationList = B3E29FF02105E47F00D7FAE1 /* Build configuration list for PBXNativeTarget "iWeather" */;
			buildPhases = (
				8CEBC33CACF65160B88EA713 /* [CP] Check Pods Manifest.lock */,
				B3E29FDA2105E47D00D7FAE1 /* Sources */,
				B3E29FDB2105E47D00D7FAE1 /* Frameworks */,
				B3E29FDC2105E47D00D7FAE1 /* Resources */,
				531D7298EA84A98F4C7E78D8 /* [CP] Embed Pods Frameworks */,
			);
			buildRules = (
			);
			dependencies = (
			);
			name = iWeather;
			productName = iWeather;
			productReference = B3E29FDE2105E47D00D7FAE1 /* iWeather.app */;
			productType = "com.apple.product-type.application";
		};
/* End PBXNativeTarget section */

/* Begin PBXProject section */
		B3E29FD62105E47D00D7FAE1 /* Project object */ = {
			isa = PBXProject;
			attributes = {
				LastSwiftUpdateCheck = 0940;
				LastUpgradeCheck = 0940;
				ORGANIZATIONNAME = "Alona Moiseyenko";
				TargetAttributes = {
					B3E29FDD2105E47D00D7FAE1 = {
						CreatedOnToolsVersion = 9.4.1;
					};
				};
			};
			buildConfigurationList = B3E29FD92105E47D00D7FAE1 /* Build configuration list for PBXProject "iWeather" */;
			compatibilityVersion = "Xcode 9.3";
			developmentRegion = en;
			hasScannedForEncodings = 0;
			knownRegions = (
				en,
				Base,
			);
			mainGroup = B3E29FD52105E47D00D7FAE1;
			productRefGroup = B3E29FDF2105E47D00D7FAE1 /* Products */;
			projectDirPath = "";
			projectRoot = "";
			targets = (
				B3E29FDD2105E47D00D7FAE1 /* iWeather */,
			);
		};
/* End PBXProject section */

/* Begin PBXResourcesBuildPhase section */
		B3E29FDC2105E47D00D7FAE1 /* Resources */ = {
			isa = PBXResourcesBuildPhase;
			buildActionMask = 2147483647;
			files = (
				B3FD73CE21093B030033776A /* WeatherCell.xib in Resources */,
				B3E29FEC2105E47F00D7FAE1 /* LaunchScreen.storyboard in Resources */,
				B3E29FE92105E47F00D7FAE1 /* Assets.xcassets in Resources */,
				B3E29FE72105E47D00D7FAE1 /* Main.storyboard in Resources */,
			);
			runOnlyForDeploymentPostprocessing = 0;
		};
/* End PBXResourcesBuildPhase section */

/* Begin PBXShellScriptBuildPhase section */
		531D7298EA84A98F4C7E78D8 /* [CP] Embed Pods Frameworks */ = {
			isa = PBXShellScriptBuildPhase;
			buildActionMask = 2147483647;
			files = (
			);
			inputPaths = (
				"${SRCROOT}/Pods/Target Support Files/Pods-iWeather/Pods-iWeather-frameworks.sh",
				"${BUILT_PRODUCTS_DIR}/Alamofire/Alamofire.framework",
				"${BUILT_PRODUCTS_DIR}/SwiftyJSON/SwiftyJSON.framework",
			);
			name = "[CP] Embed Pods Frameworks";
			outputPaths = (
				"${TARGET_BUILD_DIR}/${FRAMEWORKS_FOLDER_PATH}/Alamofire.framework",
				"${TARGET_BUILD_DIR}/${FRAMEWORKS_FOLDER_PATH}/SwiftyJSON.framework",
			);
			runOnlyForDeploymentPostprocessing = 0;
			shellPath = /bin/sh;
			shellScript = "\"${SRCROOT}/Pods/Target Support Files/Pods-iWeather/Pods-iWeather-frameworks.sh\"\n";
			showEnvVarsInLog = 0;
		};
		8CEBC33CACF65160B88EA713 /* [CP] Check Pods Manifest.lock */ = {
			isa = PBXShellScriptBuildPhase;
			buildActionMask = 2147483647;
			files = (
			);
			inputPaths = (
				"${PODS_PODFILE_DIR_PATH}/Podfile.lock",
				"${PODS_ROOT}/Manifest.lock",
			);
			name = "[CP] Check Pods Manifest.lock";
			outputPaths = (
				"$(DERIVED_FILE_DIR)/Pods-iWeather-checkManifestLockResult.txt",
			);
			runOnlyForDeploymentPostprocessing = 0;
			shellPath = /bin/sh;
			shellScript = "diff \"${PODS_PODFILE_DIR_PATH}/Podfile.lock\" \"${PODS_ROOT}/Manifest.lock\" > /dev/null\nif [ $? != 0 ] ; then\n    # print error to STDERR\n    echo \"error: The sandbox is not in sync with the Podfile.lock. Run 'pod install' or update your CocoaPods installation.\" >&2\n    exit 1\nfi\n# This output is used by Xcode 'outputs' to avoid re-running this script phase.\necho \"SUCCESS\" > \"${SCRIPT_OUTPUT_FILE_0}\"\n";
			showEnvVarsInLog = 0;
		};
/* End PBXShellScriptBuildPhase section */

/* Begin PBXSourcesBuildPhase section */
		B3E29FDA2105E47D00D7FAE1 /* Sources */ = {
			isa = PBXSourcesBuildPhase;
			buildActionMask = 2147483647;
			files = (
				B3D826182107AFFF00693D17 /* Int + String.swift in Sources */,
				B3FD73D0210950950033776A /* DateUtil.swift in Sources */,
				B3FD8CD22108D6D700B92257 /* Util.swift in Sources */,
				B3FD73CD21093B030033776A /* WeatherCell.swift in Sources */,
				B3BC8AF92107BFDB003454C8 /* String + Int + Double.swift in Sources */,
				B3E29FE42105E47D00D7FAE1 /* ViewController.swift in Sources */,
				B38BA1352107530B0068FC78 /* APIService.swift in Sources */,
				B3FD73D2210958FB0033776A /* DayWeek.swift in Sources */,
				B3372A6B210777D70017701D /* JSONResponse.swift in Sources */,
				B300CAAE210A457F0049E723 /* WeatherCollectionViewCell.swift in Sources */,
				B3E29FE22105E47D00D7FAE1 /* AppDelegate.swift in Sources */,
				B38BA13321073BF90068FC78 /* CurrentWeather.swift in Sources */,
			);
			runOnlyForDeploymentPostprocessing = 0;
		};
/* End PBXSourcesBuildPhase section */

/* Begin PBXVariantGroup section */
		B3E29FE52105E47D00D7FAE1 /* Main.storyboard */ = {
			isa = PBXVariantGroup;
			children = (
				B3E29FE62105E47D00D7FAE1 /* Base */,
			);
			name = Main.storyboard;
			sourceTree = "<group>";
		};
		B3E29FEA2105E47F00D7FAE1 /* LaunchScreen.storyboard */ = {
			isa = PBXVariantGroup;
			children = (
				B3E29FEB2105E47F00D7FAE1 /* Base */,
			);
			name = LaunchScreen.storyboard;
			sourceTree = "<group>";
		};
/* End PBXVariantGroup section */

/* Begin XCBuildConfiguration section */
		B3E29FEE2105E47F00D7FAE1 /* Debug */ = {
			isa = XCBuildConfiguration;
			buildSettings = {
				ALWAYS_SEARCH_USER_PATHS = NO;
				CLANG_ANALYZER_NONNULL = YES;
				CLANG_ANALYZER_NUMBER_OBJECT_CONVERSION = YES_AGGRESSIVE;
				CLANG_CXX_LANGUAGE_STANDARD = "gnu++14";
				CLANG_CXX_LIBRARY = "libc++";
				CLANG_ENABLE_MODULES = YES;
				CLANG_ENABLE_OBJC_ARC = YES;
				CLANG_ENABLE_OBJC_WEAK = YES;
				CLANG_WARN_BLOCK_CAPTURE_AUTORELEASING = YES;
				CLANG_WARN_BOOL_CONVERSION = YES;
				CLANG_WARN_COMMA = YES;
				CLANG_WARN_CONSTANT_CONVERSION = YES;
				CLANG_WARN_DEPRECATED_OBJC_IMPLEMENTATIONS = YES;
				CLANG_WARN_DIRECT_OBJC_ISA_USAGE = YES_ERROR;
				CLANG_WARN_DOCUMENTATION_COMMENTS = YES;
				CLANG_WARN_EMPTY_BODY = YES;
				CLANG_WARN_ENUM_CONVERSION = YES;
				CLANG_WARN_INFINITE_RECURSION = YES;
				CLANG_WARN_INT_CONVERSION = YES;
				CLANG_WARN_NON_LITERAL_NULL_CONVERSION = YES;
				CLANG_WARN_OBJC_IMPLICIT_RETAIN_SELF = YES;
				CLANG_WARN_OBJC_LITERAL_CONVERSION = YES;
				CLANG_WARN_OBJC_ROOT_CLASS = YES_ERROR;
				CLANG_WARN_RANGE_LOOP_ANALYSIS = YES;
				CLANG_WARN_STRICT_PROTOTYPES = YES;
				CLANG_WARN_SUSPICIOUS_MOVE = YES;
				CLANG_WARN_UNGUARDED_AVAILABILITY = YES_AGGRESSIVE;
				CLANG_WARN_UNREACHABLE_CODE = YES;
				CLANG_WARN__DUPLICATE_METHOD_MATCH = YES;
				CODE_SIGN_IDENTITY = "iPhone Developer";
				COPY_PHASE_STRIP = NO;
				DEBUG_INFORMATION_FORMAT = dwarf;
				ENABLE_STRICT_OBJC_MSGSEND = YES;
				ENABLE_TESTABILITY = YES;
				GCC_C_LANGUAGE_STANDARD = gnu11;
				GCC_DYNAMIC_NO_PIC = NO;
				GCC_NO_COMMON_BLOCKS = YES;
				GCC_OPTIMIZATION_LEVEL = 0;
				GCC_PREPROCESSOR_DEFINITIONS = (
					"DEBUG=1",
					"$(inherited)",
				);
				GCC_WARN_64_TO_32_BIT_CONVERSION = YES;
				GCC_WARN_ABOUT_RETURN_TYPE = YES_ERROR;
				GCC_WARN_UNDECLARED_SELECTOR = YES;
				GCC_WARN_UNINITIALIZED_AUTOS = YES_AGGRESSIVE;
				GCC_WARN_UNUSED_FUNCTION = YES;
				GCC_WARN_UNUSED_VARIABLE = YES;
				IPHONEOS_DEPLOYMENT_TARGET = 11.4;
				MTL_ENABLE_DEBUG_INFO = YES;
				ONLY_ACTIVE_ARCH = YES;
				SDKROOT = iphoneos;
				SWIFT_ACTIVE_COMPILATION_CONDITIONS = DEBUG;
				SWIFT_OPTIMIZATION_LEVEL = "-Onone";
			};
			name = Debug;
		};
		B3E29FEF2105E47F00D7FAE1 /* Release */ = {
			isa = XCBuildConfiguration;
			buildSettings = {
				ALWAYS_SEARCH_USER_PATHS = NO;
				CLANG_ANALYZER_NONNULL = YES;
				CLANG_ANALYZER_NUMBER_OBJECT_CONVERSION = YES_AGGRESSIVE;
				CLANG_CXX_LANGUAGE_STANDARD = "gnu++14";
				CLANG_CXX_LIBRARY = "libc++";
				CLANG_ENABLE_MODULES = YES;
				CLANG_ENABLE_OBJC_ARC = YES;
				CLANG_ENABLE_OBJC_WEAK = YES;
				CLANG_WARN_BLOCK_CAPTURE_AUTORELEASING = YES;
				CLANG_WARN_BOOL_CONVERSION = YES;
				CLANG_WARN_COMMA = YES;
				CLANG_WARN_CONSTANT_CONVERSION = YES;
				CLANG_WARN_DEPRECATED_OBJC_IMPLEMENTATIONS = YES;
				CLANG_WARN_DIRECT_OBJC_ISA_USAGE = YES_ERROR;
				CLANG_WARN_DOCUMENTATION_COMMENTS = YES;
				CLANG_WARN_EMPTY_BODY = YES;
				CLANG_WARN_ENUM_CONVERSION = YES;
				CLANG_WARN_INFINITE_RECURSION = YES;
				CLANG_WARN_INT_CONVERSION = YES;
				CLANG_WARN_NON_LITERAL_NULL_CONVERSION = YES;
				CLANG_WARN_OBJC_IMPLICIT_RETAIN_SELF = YES;
				CLANG_WARN_OBJC_LITERAL_CONVERSION = YES;
				CLANG_WARN_OBJC_ROOT_CLASS = YES_ERROR;
				CLANG_WARN_RANGE_LOOP_ANALYSIS = YES;
				CLANG_WARN_STRICT_PROTOTYPES = YES;
				CLANG_WARN_SUSPICIOUS_MOVE = YES;
				CLANG_WARN_UNGUARDED_AVAILABILITY = YES_AGGRESSIVE;
				CLANG_WARN_UNREACHABLE_CODE = YES;
				CLANG_WARN__DUPLICATE_METHOD_MATCH = YES;
				CODE_SIGN_IDENTITY = "iPhone Developer";
				COPY_PHASE_STRIP = NO;
				DEBUG_INFORMATION_FORMAT = "dwarf-with-dsym";
				ENABLE_NS_ASSERTIONS = NO;
				ENABLE_STRICT_OBJC_MSGSEND = YES;
				GCC_C_LANGUAGE_STANDARD = gnu11;
				GCC_NO_COMMON_BLOCKS = YES;
				GCC_WARN_64_TO_32_BIT_CONVERSION = YES;
				GCC_WARN_ABOUT_RETURN_TYPE = YES_ERROR;
				GCC_WARN_UNDECLARED_SELECTOR = YES;
				GCC_WARN_UNINITIALIZED_AUTOS = YES_AGGRESSIVE;
				GCC_WARN_UNUSED_FUNCTION = YES;
				GCC_WARN_UNUSED_VARIABLE = YES;
				IPHONEOS_DEPLOYMENT_TARGET = 11.4;
				MTL_ENABLE_DEBUG_INFO = NO;
				SDKROOT = iphoneos;
				SWIFT_COMPILATION_MODE = wholemodule;
				SWIFT_OPTIMIZATION_LEVEL = "-O";
				VALIDATE_PRODUCT = YES;
			};
			name = Release;
		};
		B3E29FF12105E47F00D7FAE1 /* Debug */ = {
			isa = XCBuildConfiguration;
			baseConfigurationReference = 26118584EEE2065B094104E0 /* Pods-iWeather.debug.xcconfig */;
			buildSettings = {
				ASSETCATALOG_COMPILER_APPICON_NAME = AppIcon;
				CODE_SIGN_STYLE = Automatic;
				INFOPLIST_FILE = iWeather/Info.plist;
				LD_RUNPATH_SEARCH_PATHS = (
					"$(inherited)",
					"@executable_path/Frameworks",
				);
				PRODUCT_BUNDLE_IDENTIFIER = al.iWeather;
				PRODUCT_NAME = "$(TARGET_NAME)";
				SWIFT_VERSION = 4.0;
				TARGETED_DEVICE_FAMILY = "1,2";
			};
			name = Debug;
		};
		B3E29FF22105E47F00D7FAE1 /* Release */ = {
			isa = XCBuildConfiguration;
			baseConfigurationReference = 4AC3C069D03F169AA4B74949 /* Pods-iWeather.release.xcconfig */;
			buildSettings = {
				ASSETCATALOG_COMPILER_APPICON_NAME = AppIcon;
				CODE_SIGN_STYLE = Automatic;
				INFOPLIST_FILE = iWeather/Info.plist;
				LD_RUNPATH_SEARCH_PATHS = (
					"$(inherited)",
					"@executable_path/Frameworks",
				);
				PRODUCT_BUNDLE_IDENTIFIER = al.iWeather;
				PRODUCT_NAME = "$(TARGET_NAME)";
				SWIFT_VERSION = 4.0;
				TARGETED_DEVICE_FAMILY = "1,2";
			};
			name = Release;
		};
/* End XCBuildConfiguration section */

/* Begin XCConfigurationList section */
		B3E29FD92105E47D00D7FAE1 /* Build configuration list for PBXProject "iWeather" */ = {
			isa = XCConfigurationList;
			buildConfigurations = (
				B3E29FEE2105E47F00D7FAE1 /* Debug */,
				B3E29FEF2105E47F00D7FAE1 /* Release */,
			);
			defaultConfigurationIsVisible = 0;
			defaultConfigurationName = Release;
		};
		B3E29FF02105E47F00D7FAE1 /* Build configuration list for PBXNativeTarget "iWeather" */ = {
			isa = XCConfigurationList;
			buildConfigurations = (
				B3E29FF12105E47F00D7FAE1 /* Debug */,
				B3E29FF22105E47F00D7FAE1 /* Release */,
			);
			defaultConfigurationIsVisible = 0;
			defaultConfigurationName = Release;
		};
/* End XCConfigurationList section */
	};
	rootObject = B3E29FD62105E47D00D7FAE1 /* Project object */;
}
